
Microsoft Visual Studio Solution File, Format Version 12.00
# Visual Studio Version 16
VisualStudioVersion = 25.0.1704.2
MinimumVisualStudioVersion = 10.0.40219.1
Project("{FAE04EC0-301F-11D3-BF4B-00C04F79EFBC}") = "CyclingMates", "CyclingMates\CyclingMates.csproj", "{31DDAD8E-7F92-4F57-AAB4-6853D2F2253D}"
EndProject
Global
	GlobalSection(SolutionConfigurationPlatforms) = preSolution
		Debug|Any CPU = Debug|Any CPU
		Release|Any CPU = Release|Any CPU
	EndGlobalSection
	GlobalSection(ProjectConfigurationPlatforms) = postSolution
		{31DDAD8E-7F92-4F57-AAB4-6853D2F2253D}.Debug|Any CPU.ActiveCfg = Debug|Any CPU
		{31DDAD8E-7F92-4F57-AAB4-6853D2F2253D}.Debug|Any CPU.Build.0 = Debug|Any CPU
		{31DDAD8E-7F92-4F57-AAB4-6853D2F2253D}.Release|Any CPU.ActiveCfg = Release|Any CPU
		{31DDAD8E-7F92-4F57-AAB4-6853D2F2253D}.Release|Any CPU.Build.0 = Release|Any CPU
	EndGlobalSection
	GlobalSection(SolutionProperties) = preSolution
		HideSolutionNode = FALSE
	EndGlobalSection
	GlobalSection(ExtensibilityGlobals) = postSolution
		SolutionGuid = {427DCB7E-5AA1-4355-BA56-68E3C8A7FFFF}
	EndGlobalSection
EndGlobal
